
Microsoft Visual Studio Solution File, Format Version 12.00
# Visual Studio Version 17
VisualStudioVersion = 17.4.33213.308
MinimumVisualStudioVersion = 10.0.40219.1
Project("{9A19103F-16F7-4668-BE54-9A1E7A4F7556}") = "Home_work_4_1", "Home_work_4_1\Home_work_4_1.csproj", "{921D58AB-6A84-4C8E-8ED2-726F9174E4C5}"
EndProject
Project("{9A19103F-16F7-4668-BE54-9A1E7A4F7556}") = "Home_work_4_2", "Home_work_4_2\Home_work_4_2.csproj", "{27BDAB64-CF00-419F-A065-1305375DDD73}"
EndProject
Project("{9A19103F-16F7-4668-BE54-9A1E7A4F7556}") = "Home_work_6_1", "Home_work_5_1\Home_work_6_1.csproj", "{97554BDB-1B57-44C0-83D0-12BA31812693}"
EndProject
Project("{9A19103F-16F7-4668-BE54-9A1E7A4F7556}") = "Home_work_6_2", "Home_work_5_2\Home_work_6_2.csproj", "{7377260B-33C6-429A-B1E1-2D3DB26CC9E5}"
EndProject
Project("{9A19103F-16F7-4668-BE54-9A1E7A4F7556}") = "Home_work_6_3", "Home_work_5_3\Home_work_6_3.csproj", "{8FB6651C-DDB0-4191-8F96-A23DE1AA8043}"
EndProject
Project("{9A19103F-16F7-4668-BE54-9A1E7A4F7556}") = "Home_work_7_1", "Home_work_7_1\Home_work_7_1.csproj", "{3260AFE5-38DB-4469-884F-96CCBF633E28}"
EndProject
Project("{9A19103F-16F7-4668-BE54-9A1E7A4F7556}") = "Home_work_7_2", "Home_work_7_2\Home_work_7_2.csproj", "{C178B68E-D54C-4127-A1EB-E9F5A4B2963E}"
EndProject
Project("{9A19103F-16F7-4668-BE54-9A1E7A4F7556}") = "Home_work_7_3", "Home_work_7_3\Home_work_7_3.csproj", "{E7A595CB-6F9D-4899-B964-6A64B4C4C39F}"
EndProject
Project("{9A19103F-16F7-4668-BE54-9A1E7A4F7556}") = "Home_work_7_4", "Home_work_7_4\Home_work_7_4.csproj", "{0F9E675B-242A-497C-AA44-3D635031D52F}"
EndProject
Project("{9A19103F-16F7-4668-BE54-9A1E7A4F7556}") = "Home_work_7_5", "Home_work_7_5\Home_work_7_5.csproj", "{80CBB07A-03D0-4A01-8938-9BE68AE40247}"
EndProject
Project("{9A19103F-16F7-4668-BE54-9A1E7A4F7556}") = "Home_work_8_1", "Home_work_8_1\Home_work_8_1.csproj", "{E4D0544F-7EE1-4381-9C0D-30E0CF295271}"
EndProject
Project("{9A19103F-16F7-4668-BE54-9A1E7A4F7556}") = "Home_work_8_2", "Home_work_8_2\Home_work_8_2.csproj", "{68240CEF-5A3F-4126-A46F-7C7ED9476003}"
EndProject
Project("{9A19103F-16F7-4668-BE54-9A1E7A4F7556}") = "Home_work_8_3", "Home_work_8_3\Home_work_8_3.csproj", "{5A7CCA72-FED8-4A05-956D-5BF011437503}"
EndProject
Project("{9A19103F-16F7-4668-BE54-9A1E7A4F7556}") = "Home_work_9", "Home_work_9\Home_work_9.csproj", "{FE78E310-F27F-4699-9B7C-6E3E8090003C}"
EndProject
Project("{9A19103F-16F7-4668-BE54-9A1E7A4F7556}") = "Home_work_10", "Home_work_10\Home_work_10.csproj", "{F7CAE1C8-6155-482E-974B-B25133B6C050}"
EndProject
Project("{9A19103F-16F7-4668-BE54-9A1E7A4F7556}") = "Home_work_11_1", "Home_work_11\Home_work_11_1.csproj", "{C0B74547-9ED0-411A-B694-5655CF7C3F54}"
EndProject
Project("{9A19103F-16F7-4668-BE54-9A1E7A4F7556}") = "Home_work_11_2", "Home_work_11_2\Home_work_11_2.csproj", "{F47B34AB-392D-49C2-B547-746E24A96E16}"
EndProject
Project("{9A19103F-16F7-4668-BE54-9A1E7A4F7556}") = "Home_work_12", "Home_work_12\Home_work_12.csproj", "{0EF56442-C152-453F-BDBA-674AE16B4E12}"
EndProject
Project("{FAE04EC0-301F-11D3-BF4B-00C04F79EFBC}") = "Home_work_14_1", "Home_work_14_1\Home_work_14_1.csproj", "{9662A3E3-4C9C-4858-92F7-473F19E390B2}"
EndProject
Project("{FAE04EC0-301F-11D3-BF4B-00C04F79EFBC}") = "Home_work_14_2", "Home_work_14_2\Home_work_14_2.csproj", "{64F36DAA-C1AE-4948-A1C2-F202EF682093}"
EndProject
Global
	GlobalSection(SolutionConfigurationPlatforms) = preSolution
		Debug|Any CPU = Debug|Any CPU
		Release|Any CPU = Release|Any CPU
	EndGlobalSection
	GlobalSection(ProjectConfigurationPlatforms) = postSolution
		{921D58AB-6A84-4C8E-8ED2-726F9174E4C5}.Debug|Any CPU.ActiveCfg = Debug|Any CPU
		{921D58AB-6A84-4C8E-8ED2-726F9174E4C5}.Debug|Any CPU.Build.0 = Debug|Any CPU
		{921D58AB-6A84-4C8E-8ED2-726F9174E4C5}.Release|Any CPU.ActiveCfg = Release|Any CPU
		{921D58AB-6A84-4C8E-8ED2-726F9174E4C5}.Release|Any CPU.Build.0 = Release|Any CPU
		{27BDAB64-CF00-419F-A065-1305375DDD73}.Debug|Any CPU.ActiveCfg = Debug|Any CPU
		{27BDAB64-CF00-419F-A065-1305375DDD73}.Debug|Any CPU.Build.0 = Debug|Any CPU
		{27BDAB64-CF00-419F-A065-1305375DDD73}.Release|Any CPU.ActiveCfg = Release|Any CPU
		{27BDAB64-CF00-419F-A065-1305375DDD73}.Release|Any CPU.Build.0 = Release|Any CPU
		{97554BDB-1B57-44C0-83D0-12BA31812693}.Debug|Any CPU.ActiveCfg = Debug|Any CPU
		{97554BDB-1B57-44C0-83D0-12BA31812693}.Debug|Any CPU.Build.0 = Debug|Any CPU
		{97554BDB-1B57-44C0-83D0-12BA31812693}.Release|Any CPU.ActiveCfg = Release|Any CPU
		{97554BDB-1B57-44C0-83D0-12BA31812693}.Release|Any CPU.Build.0 = Release|Any CPU
		{7377260B-33C6-429A-B1E1-2D3DB26CC9E5}.Debug|Any CPU.ActiveCfg = Debug|Any CPU
		{7377260B-33C6-429A-B1E1-2D3DB26CC9E5}.Debug|Any CPU.Build.0 = Debug|Any CPU
		{7377260B-33C6-429A-B1E1-2D3DB26CC9E5}.Release|Any CPU.ActiveCfg = Release|Any CPU
		{7377260B-33C6-429A-B1E1-2D3DB26CC9E5}.Release|Any CPU.Build.0 = Release|Any CPU
		{8FB6651C-DDB0-4191-8F96-A23DE1AA8043}.Debug|Any CPU.ActiveCfg = Debug|Any CPU
		{8FB6651C-DDB0-4191-8F96-A23DE1AA8043}.Debug|Any CPU.Build.0 = Debug|Any CPU
		{8FB6651C-DDB0-4191-8F96-A23DE1AA8043}.Release|Any CPU.ActiveCfg = Release|Any CPU
		{8FB6651C-DDB0-4191-8F96-A23DE1AA8043}.Release|Any CPU.Build.0 = Release|Any CPU
		{3260AFE5-38DB-4469-884F-96CCBF633E28}.Debug|Any CPU.ActiveCfg = Debug|Any CPU
		{3260AFE5-38DB-4469-884F-96CCBF633E28}.Debug|Any CPU.Build.0 = Debug|Any CPU
		{3260AFE5-38DB-4469-884F-96CCBF633E28}.Release|Any CPU.ActiveCfg = Release|Any CPU
		{3260AFE5-38DB-4469-884F-96CCBF633E28}.Release|Any CPU.Build.0 = Release|Any CPU
		{C178B68E-D54C-4127-A1EB-E9F5A4B2963E}.Debug|Any CPU.ActiveCfg = Debug|Any CPU
		{C178B68E-D54C-4127-A1EB-E9F5A4B2963E}.Debug|Any CPU.Build.0 = Debug|Any CPU
		{C178B68E-D54C-4127-A1EB-E9F5A4B2963E}.Release|Any CPU.ActiveCfg = Release|Any CPU
		{C178B68E-D54C-4127-A1EB-E9F5A4B2963E}.Release|Any CPU.Build.0 = Release|Any CPU
		{E7A595CB-6F9D-4899-B964-6A64B4C4C39F}.Debug|Any CPU.ActiveCfg = Debug|Any CPU
		{E7A595CB-6F9D-4899-B964-6A64B4C4C39F}.Debug|Any CPU.Build.0 = Debug|Any CPU
		{E7A595CB-6F9D-4899-B964-6A64B4C4C39F}.Release|Any CPU.ActiveCfg = Release|Any CPU
		{E7A595CB-6F9D-4899-B964-6A64B4C4C39F}.Release|Any CPU.Build.0 = Release|Any CPU
		{0F9E675B-242A-497C-AA44-3D635031D52F}.Debug|Any CPU.ActiveCfg = Debug|Any CPU
		{0F9E675B-242A-497C-AA44-3D635031D52F}.Debug|Any CPU.Build.0 = Debug|Any CPU
		{0F9E675B-242A-497C-AA44-3D635031D52F}.Release|Any CPU.ActiveCfg = Release|Any CPU
		{0F9E675B-242A-497C-AA44-3D635031D52F}.Release|Any CPU.Build.0 = Release|Any CPU
		{80CBB07A-03D0-4A01-8938-9BE68AE40247}.Debug|Any CPU.ActiveCfg = Debug|Any CPU
		{80CBB07A-03D0-4A01-8938-9BE68AE40247}.Debug|Any CPU.Build.0 = Debug|Any CPU
		{80CBB07A-03D0-4A01-8938-9BE68AE40247}.Release|Any CPU.ActiveCfg = Release|Any CPU
		{80CBB07A-03D0-4A01-8938-9BE68AE40247}.Release|Any CPU.Build.0 = Release|Any CPU
		{E4D0544F-7EE1-4381-9C0D-30E0CF295271}.Debug|Any CPU.ActiveCfg = Debug|Any CPU
		{E4D0544F-7EE1-4381-9C0D-30E0CF295271}.Debug|Any CPU.Build.0 = Debug|Any CPU
		{E4D0544F-7EE1-4381-9C0D-30E0CF295271}.Release|Any CPU.ActiveCfg = Release|Any CPU
		{E4D0544F-7EE1-4381-9C0D-30E0CF295271}.Release|Any CPU.Build.0 = Release|Any CPU
		{68240CEF-5A3F-4126-A46F-7C7ED9476003}.Debug|Any CPU.ActiveCfg = Debug|Any CPU
		{68240CEF-5A3F-4126-A46F-7C7ED9476003}.Debug|Any CPU.Build.0 = Debug|Any CPU
		{68240CEF-5A3F-4126-A46F-7C7ED9476003}.Release|Any CPU.ActiveCfg = Release|Any CPU
		{68240CEF-5A3F-4126-A46F-7C7ED9476003}.Release|Any CPU.Build.0 = Release|Any CPU
		{5A7CCA72-FED8-4A05-956D-5BF011437503}.Debug|Any CPU.ActiveCfg = Debug|Any CPU
		{5A7CCA72-FED8-4A05-956D-5BF011437503}.Debug|Any CPU.Build.0 = Debug|Any CPU
		{5A7CCA72-FED8-4A05-956D-5BF011437503}.Release|Any CPU.ActiveCfg = Release|Any CPU
		{5A7CCA72-FED8-4A05-956D-5BF011437503}.Release|Any CPU.Build.0 = Release|Any CPU
		{FE78E310-F27F-4699-9B7C-6E3E8090003C}.Debug|Any CPU.ActiveCfg = Debug|Any CPU
		{FE78E310-F27F-4699-9B7C-6E3E8090003C}.Debug|Any CPU.Build.0 = Debug|Any CPU
		{FE78E310-F27F-4699-9B7C-6E3E8090003C}.Release|Any CPU.ActiveCfg = Release|Any CPU
		{FE78E310-F27F-4699-9B7C-6E3E8090003C}.Release|Any CPU.Build.0 = Release|Any CPU
		{F7CAE1C8-6155-482E-974B-B25133B6C050}.Debug|Any CPU.ActiveCfg = Debug|Any CPU
		{F7CAE1C8-6155-482E-974B-B25133B6C050}.Debug|Any CPU.Build.0 = Debug|Any CPU
		{F7CAE1C8-6155-482E-974B-B25133B6C050}.Release|Any CPU.ActiveCfg = Release|Any CPU
		{F7CAE1C8-6155-482E-974B-B25133B6C050}.Release|Any CPU.Build.0 = Release|Any CPU
		{C0B74547-9ED0-411A-B694-5655CF7C3F54}.Debug|Any CPU.ActiveCfg = Debug|Any CPU
		{C0B74547-9ED0-411A-B694-5655CF7C3F54}.Debug|Any CPU.Build.0 = Debug|Any CPU
		{C0B74547-9ED0-411A-B694-5655CF7C3F54}.Release|Any CPU.ActiveCfg = Release|Any CPU
		{C0B74547-9ED0-411A-B694-5655CF7C3F54}.Release|Any CPU.Build.0 = Release|Any CPU
		{F47B34AB-392D-49C2-B547-746E24A96E16}.Debug|Any CPU.ActiveCfg = Debug|Any CPU
		{F47B34AB-392D-49C2-B547-746E24A96E16}.Debug|Any CPU.Build.0 = Debug|Any CPU
		{F47B34AB-392D-49C2-B547-746E24A96E16}.Release|Any CPU.ActiveCfg = Release|Any CPU
		{F47B34AB-392D-49C2-B547-746E24A96E16}.Release|Any CPU.Build.0 = Release|Any CPU
		{0EF56442-C152-453F-BDBA-674AE16B4E12}.Debug|Any CPU.ActiveCfg = Debug|Any CPU
		{0EF56442-C152-453F-BDBA-674AE16B4E12}.Debug|Any CPU.Build.0 = Debug|Any CPU
		{0EF56442-C152-453F-BDBA-674AE16B4E12}.Release|Any CPU.ActiveCfg = Release|Any CPU
		{0EF56442-C152-453F-BDBA-674AE16B4E12}.Release|Any CPU.Build.0 = Release|Any CPU
		{9662A3E3-4C9C-4858-92F7-473F19E390B2}.Debug|Any CPU.ActiveCfg = Debug|Any CPU
		{9662A3E3-4C9C-4858-92F7-473F19E390B2}.Debug|Any CPU.Build.0 = Debug|Any CPU
		{9662A3E3-4C9C-4858-92F7-473F19E390B2}.Release|Any CPU.ActiveCfg = Release|Any CPU
		{9662A3E3-4C9C-4858-92F7-473F19E390B2}.Release|Any CPU.Build.0 = Release|Any CPU
		{64F36DAA-C1AE-4948-A1C2-F202EF682093}.Debug|Any CPU.ActiveCfg = Debug|Any CPU
		{64F36DAA-C1AE-4948-A1C2-F202EF682093}.Debug|Any CPU.Build.0 = Debug|Any CPU
		{64F36DAA-C1AE-4948-A1C2-F202EF682093}.Release|Any CPU.ActiveCfg = Release|Any CPU
		{64F36DAA-C1AE-4948-A1C2-F202EF682093}.Release|Any CPU.Build.0 = Release|Any CPU
	EndGlobalSection
	GlobalSection(SolutionProperties) = preSolution
		HideSolutionNode = FALSE
	EndGlobalSection
	GlobalSection(ExtensibilityGlobals) = postSolution
		SolutionGuid = {5CBB76F3-957A-4AB8-B4FF-4CF346F8101A}
	EndGlobalSection
EndGlobal
